{
  "name": "src",
  "lockfileVersion": 3,
  "requires": true,
  "packages": {
    "": {
      "dependencies": {
        "posthtml-doctype": "^1.1.1"
      }
    },
    "node_modules/posthtml-doctype": {
      "version": "1.1.1",
      "resolved": "https://registry.npmjs.org/posthtml-doctype/-/posthtml-doctype-1.1.1.tgz",
      "integrity": "sha512-G5Flc83qRhN9mSls93C/djIbElynPzqZ3sPpVISNr3/9uXuByILHhSh8yXODeCwIxggB65szy1tnY8xOWT8lyw=="
    }
  }
}
